{
  "originHash" : "0dc19cfed52ef62aec43c0d18a6ddcd910af86d448ad1375df245434d8ac8bd0",
  "pins" : [
    {
      "identity" : "boost-assert-spm",
      "kind" : "remoteSourceControl",
      "location" : "https://github.com/aleksey-golovanov/boost-assert-spm.git",
      "state" : {
        "revision" : "981006627a52246e65beedd85d6095dc704fca4f",
        "version" : "1.89.0"
      }
    },
    {
      "identity" : "boost-config-spm",
      "kind" : "remoteSourceControl",
      "location" : "https://github.com/aleksey-golovanov/boost-config-spm.git",
      "state" : {
        "revision" : "25bc294f555a812d036dc14d4c51581c30578ceb",
        "version" : "1.89.0"
      }
    },
    {
      "identity" : "boost-static_assert-spm",
      "kind" : "remoteSourceControl",
      "location" : "https://github.com/aleksey-golovanov/boost-static_assert-spm.git",
      "state" : {
        "revision" : "952e41aefc1b568f8663e0a20053e38952bd4e2e",
        "version" : "1.89.0"
      }
    }
  ],
  "version" : 3
}
